<?xml version="1.0" encoding="utf-8"?>
<Project ToolsVersion="4.0" xmlns="http://schemas.microsoft.com/developer/msbuild/2003">
  <ItemGroup>
    <Filter Include="Исходные файлы">
      <UniqueIdentifier>{4FC737F1-C7A5-4376-A066-2A32D752A2FF}</UniqueIdentifier>
      <Extensions>cpp;c;cc;cxx;c++;cppm;ixx;def;odl;idl;hpj;bat;asm;asmx</Extensions>
    </Filter>
    <Filter Include="Файлы заголовков">
      <UniqueIdentifier>{93995380-89BD-4b04-88EB-625FBE52EBFB}</UniqueIdentifier>
      <Extensions>h;hh;hpp;hxx;h++;hm;inl;inc;ipp;xsd</Extensions>
    </Filter>
    <Filter Include="Файлы ресурсов">
      <UniqueIdentifier>{67DA6AB6-F800-4c08-8B7A-83BB121AAD01}</UniqueIdentifier>
      <Extensions>rc;ico;cur;bmp;dlg;rc2;rct;bin;rgs;gif;jpg;jpeg;jpe;resx;tiff;tif;png;wav;mfcribbon-ms</Extensions>
    </Filter>
  </ItemGroup>
  <ItemGroup>
    <ClCompile Include="src\Worms_Client.cpp">
      <Filter>Исходные файлы</Filter>
    </ClCompile>
    <ClCompile Include="src\NetworkClient.cpp">
      <Filter>Исходные файлы</Filter>
    </ClCompile>
    <ClCompile Include="src\map.cpp">
      <Filter>Исходные файлы</Filter>
    </ClCompile>
    <ClCompile Include="src\player.cpp">
      <Filter>Исходные файлы</Filter>
    </ClCompile>
    <ClCompile Include="src\textureManager.cpp">
      <Filter>Исходные файлы</Filter>
    </ClCompile>
    <ClCompile Include="src\camera.cpp">
      <Filter>Исходные файлы</Filter>
    </ClCompile>
    <ClCompile Include="src\Options.cpp">
      <Filter>Исходные файлы</Filter>
    </ClCompile>
    <ClCompile Include="src\GameStart.cpp">
      <Filter>Исходные файлы</Filter>
    </ClCompile>
    <ClCompile Include="src\GameMenu.cpp">
      <Filter>Исходные файлы</Filter>
    </ClCompile>
    <ClCompile Include="src\About_Game.cpp">
      <Filter>Исходные файлы</Filter>
    </ClCompile>
    <ClCompile Include="src\InitText.cpp">
      <Filter>Исходные файлы</Filter>
    </ClCompile>
    <ClCompile Include="src\command\Turboranec.cpp">
      <Filter>Исходные файлы</Filter>
    </ClCompile>
    <ClCompile Include="src\command\ActionInvoker.cpp">
      <Filter>Исходные файлы</Filter>
    </ClCompile>
    <ClCompile Include="src\command\Teleport.cpp">
      <Filter>Исходные файлы</Filter>
    </ClCompile>
    <ClCompile Include="src\Health.cpp">
      <Filter>Исходные файлы</Filter>
    </ClCompile>
    <ClCompile Include="src\command\MachineGun.cpp">
      <Filter>Исходные файлы</Filter>
    </ClCompile>
    <ClCompile Include="src\TeamWorms.cpp">
      <Filter>Исходные файлы</Filter>
    </ClCompile>
  </ItemGroup>
  <ItemGroup>
    <ClInclude Include="src\NetworkClient.h">
      <Filter>Файлы заголовков</Filter>
    </ClInclude>
    <ClInclude Include="src\map.h">
      <Filter>Файлы заголовков</Filter>
    </ClInclude>
    <ClInclude Include="src\player.h">
      <Filter>Файлы заголовков</Filter>
    </ClInclude>
    <ClInclude Include="src\textureManager.h">
      <Filter>Файлы заголовков</Filter>
    </ClInclude>
    <ClInclude Include="src\camera.h">
      <Filter>Файлы заголовков</Filter>
    </ClInclude>
    <ClInclude Include="src\Options.h">
      <Filter>Файлы заголовков</Filter>
    </ClInclude>
    <ClInclude Include="src\GameStart.h">
      <Filter>Файлы заголовков</Filter>
    </ClInclude>
    <ClInclude Include="src\GameMenu.h">
      <Filter>Файлы заголовков</Filter>
    </ClInclude>
    <ClInclude Include="src\About_Game.h">
      <Filter>Файлы заголовков</Filter>
    </ClInclude>
    <ClInclude Include="src\InitText.h">
      <Filter>Файлы заголовков</Filter>
    </ClInclude>
    <ClInclude Include="src\command\ActionInvoker.h">
      <Filter>Файлы заголовков</Filter>
    </ClInclude>
    <ClInclude Include="src\command\Actions.cpp">
      <Filter>Файлы заголовков</Filter>
    </ClInclude>
    <ClInclude Include="src\Health.h">
      <Filter>Файлы заголовков</Filter>
    </ClInclude>
    <ClInclude Include="src\TeamWorms.h">
      <Filter>Файлы заголовков</Filter>
    </ClInclude>
  </ItemGroup>
  <ItemGroup>
    <Image Include="..\..\..\..\..\Downloads\4.jpg">
      <Filter>Файлы ресурсов</Filter>
    </Image>
    <Image Include="resources\3.jpg">
      <Filter>Файлы ресурсов</Filter>
    </Image>
    <Image Include="resources\4.jpg">
      <Filter>Файлы ресурсов</Filter>
    </Image>
    <Image Include="resources\cursor.png">
      <Filter>Файлы ресурсов</Filter>
    </Image>
    <Image Include="resources\heightmap.png">
      <Filter>Файлы ресурсов</Filter>
    </Image>
    <Image Include="resources\grassBox\bottom.jpg">
      <Filter>Файлы ресурсов</Filter>
    </Image>
    <Image Include="resources\grassBox\side.jpg">
      <Filter>Файлы ресурсов</Filter>
    </Image>
    <Image Include="resources\grassBox\top.jpg">
      <Filter>Файлы ресурсов</Filter>
    </Image>
    <Image Include="resources\skybox\back.png">
      <Filter>Файлы ресурсов</Filter>
    </Image>
    <Image Include="resources\skybox\bottom.png">
      <Filter>Файлы ресурсов</Filter>
    </Image>
    <Image Include="resources\skybox\front.png">
      <Filter>Файлы ресурсов</Filter>
    </Image>
    <Image Include="resources\skybox\left.png">
      <Filter>Файлы ресурсов</Filter>
    </Image>
    <Image Include="resources\skybox\right.png">
      <Filter>Файлы ресурсов</Filter>
    </Image>
    <Image Include="resources\skybox\top.png">
      <Filter>Файлы ресурсов</Filter>
    </Image>
    <Image Include="resources\textures\pink.png">
      <Filter>Файлы ресурсов</Filter>
    </Image>
    <Image Include="resources\textures\sand.jpg">
      <Filter>Файлы ресурсов</Filter>
    </Image>
    <Image Include="resources\tools\back.png">
      <Filter>Файлы ресурсов</Filter>
    </Image>
    <Image Include="resources\tools\background.png">
      <Filter>Файлы ресурсов</Filter>
    </Image>
    <Image Include="resources\tools\banan.png">
      <Filter>Файлы ресурсов</Filter>
    </Image>
    <Image Include="resources\tools\chermageddon.png">
      <Filter>Файлы ресурсов</Filter>
    </Image>
    <Image Include="resources\tools\drobovik.png">
      <Filter>Файлы ресурсов</Filter>
    </Image>
    <Image Include="resources\tools\dubinka.png">
      <Filter>Файлы ресурсов</Filter>
    </Image>
    <Image Include="resources\tools\granata.png">
      <Filter>Файлы ресурсов</Filter>
    </Image>
    <Image Include="resources\tools\kulak.png">
      <Filter>Файлы ресурсов</Filter>
    </Image>
    <Image Include="resources\tools\magnit.png">
      <Filter>Файлы ресурсов</Filter>
    </Image>
    <Image Include="resources\tools\oslik.png">
      <Filter>Файлы ресурсов</Filter>
    </Image>
    <Image Include="resources\tools\parashut.png">
      <Filter>Файлы ресурсов</Filter>
    </Image>
    <Image Include="resources\tools\pulemet.png">
      <Filter>Файлы ресурсов</Filter>
    </Image>
    <Image Include="resources\tools\raketa.png">
      <Filter>Файлы ресурсов</Filter>
    </Image>
    <Image Include="resources\tools\sheep.png">
      <Filter>Файлы ресурсов</Filter>
    </Image>
    <Image Include="resources\tools\teleport.png">
      <Filter>Файлы ресурсов</Filter>
    </Image>
    <Image Include="resources\tools\vzryv.png">
      <Filter>Файлы ресурсов</Filter>
    </Image>
    <Image Include="resources\heightmap2.png">
      <Filter>Файлы ресурсов</Filter>
    </Image>
    <Image Include="resources\heightmap3.png">
      <Filter>Файлы ресурсов</Filter>
    </Image>
    <Image Include="resources\textures\grass.jpg">
      <Filter>Файлы ресурсов</Filter>
    </Image>
    <Image Include="resources\textures\top.jpg">
      <Filter>Файлы ресурсов</Filter>
    </Image>
    <Image Include="resources\tools\Turboranec.png">
      <Filter>Файлы ресурсов</Filter>
    </Image>
    <Image Include="resources\q.png">
      <Filter>Файлы ресурсов</Filter>
    </Image>
    <Image Include="resources\qq.png">
      <Filter>Файлы ресурсов</Filter>
    </Image>
    <Image Include="resources\qqq.png">
      <Filter>Файлы ресурсов</Filter>
    </Image>
    <Image Include="t1.png">
      <Filter>Файлы ресурсов</Filter>
    </Image>
  </ItemGroup>
  <ItemGroup>
    <Font Include="resources\troika.otf" />
    <Font Include="8bitOperatorPlus-Regular.ttf" />
  </ItemGroup>
  <ItemGroup>
    <None Include="openal32.dll" />
    <None Include="sfml-audio-2.dll" />
    <None Include="sfml-audio-d-2.dll" />
    <None Include="sfml-graphics-2.dll" />
    <None Include="sfml-graphics-d-2.dll" />
    <None Include="sfml-network-2.dll" />
    <None Include="sfml-network-d-2.dll" />
    <None Include="sfml-system-2.dll" />
    <None Include="sfml-system-d-2.dll" />
    <None Include="sfml-window-2.dll" />
    <None Include="sfml-window-d-2.dll" />
  </ItemGroup>
</Project>